
Microsoft Visual Studio Solution File, Format Version 12.00
# Visual Studio Version 17
VisualStudioVersion = 17.13.35931.197 d17.13
MinimumVisualStudioVersion = 10.0.40219.1
Project("{FAE04EC0-301F-11D3-BF4B-00C04F79EFBC}") = "BlazorApp1", "BlazorApp1\BlazorApp1.csproj", "{E9DB1444-6FA4-4F8C-8012-01B5CCBA7EA2}"
EndProject
Global
	GlobalSection(SolutionConfigurationPlatforms) = preSolution
		Debug|Any CPU = Debug|Any CPU
		Release|Any CPU = Release|Any CPU
	EndGlobalSection
	GlobalSection(ProjectConfigurationPlatforms) = postSolution
		{E9DB1444-6FA4-4F8C-8012-01B5CCBA7EA2}.Debug|Any CPU.ActiveCfg = Debug|Any CPU
		{E9DB1444-6FA4-4F8C-8012-01B5CCBA7EA2}.Debug|Any CPU.Build.0 = Debug|Any CPU
		{E9DB1444-6FA4-4F8C-8012-01B5CCBA7EA2}.Release|Any CPU.ActiveCfg = Release|Any CPU
		{E9DB1444-6FA4-4F8C-8012-01B5CCBA7EA2}.Release|Any CPU.Build.0 = Release|Any CPU
	EndGlobalSection
	GlobalSection(SolutionProperties) = preSolution
		HideSolutionNode = FALSE
	EndGlobalSection
	GlobalSection(ExtensibilityGlobals) = postSolution
		SolutionGuid = {13D20E8F-79BB-4AEA-804D-1372ECF7A6F6}
	EndGlobalSection
EndGlobal
